// !$*UTF8*$!
{
	archiveVersion = 1;
	classes = {
	};
	objectVersion = 46;
	objects = {

/* Begin PBXBuildFile section */
		9CAF68F31E26305200CF8606 /* AppDelegate.swift in Sources */ = {isa = PBXBuildFile; fileRef = 9CAF68F21E26305200CF8606 /* AppDelegate.swift */; };
		9CAF68F51E26305200CF8606 /* ViewController.swift in Sources */ = {isa = PBXBuildFile; fileRef = 9CAF68F41E26305200CF8606 /* ViewController.swift */; };
		9CAF68F81E26305200CF8606 /* Main.storyboard in Resources */ = {isa = PBXBuildFile; fileRef = 9CAF68F61E26305200CF8606 /* Main.storyboard */; };
		9CAF68FA1E26305200CF8606 /* Assets.xcassets in Resources */ = {isa = PBXBuildFile; fileRef = 9CAF68F91E26305200CF8606 /* Assets.xcassets */; };
		9CAF68FD1E26305200CF8606 /* LaunchScreen.storyboard in Resources */ = {isa = PBXBuildFile; fileRef = 9CAF68FB1E26305200CF8606 /* LaunchScreen.storyboard */; };
		9CAF69061E2630A900CF8606 /* TabBarViewController.swift in Sources */ = {isa = PBXBuildFile; fileRef = 9CAF69051E2630A900CF8606 /* TabBarViewController.swift */; };
		9CAF69081E2630BC00CF8606 /* FirstViewController.swift in Sources */ = {isa = PBXBuildFile; fileRef = 9CAF69071E2630BC00CF8606 /* FirstViewController.swift */; };
		9CAF690A1E2630C300CF8606 /* SecondViewController.swift in Sources */ = {isa = PBXBuildFile; fileRef = 9CAF69091E2630C300CF8606 /* SecondViewController.swift */; };
		9CAF690C1E2634BC00CF8606 /* DetailViewController.swift in Sources */ = {isa = PBXBuildFile; fileRef = 9CAF690B1E2634BC00CF8606 /* DetailViewController.swift */; };
		9CAF690E1E2636D100CF8606 /* WDRouter.swift in Sources */ = {isa = PBXBuildFile; fileRef = 9CAF690D1E2636D100CF8606 /* WDRouter.swift */; };
		9CAF69101E26374800CF8606 /* WDRouterRequest.swift in Sources */ = {isa = PBXBuildFile; fileRef = 9CAF690F1E26374800CF8606 /* WDRouterRequest.swift */; };
		9CAF69121E263C2700CF8606 /* WDRouterClass.swift in Sources */ = {isa = PBXBuildFile; fileRef = 9CAF69111E263C2700CF8606 /* WDRouterClass.swift */; };
		9CAF69141E26427E00CF8606 /* WDRouterExtension.swift in Sources */ = {isa = PBXBuildFile; fileRef = 9CAF69131E26427E00CF8606 /* WDRouterExtension.swift */; };
		9CAF69161E26578800CF8606 /* ThirdViewController.swift in Sources */ = {isa = PBXBuildFile; fileRef = 9CAF69151E26578800CF8606 /* ThirdViewController.swift */; };
		9CB693781E276D99002A58B0 /* Student.swift in Sources */ = {isa = PBXBuildFile; fileRef = 9CB693771E276D99002A58B0 /* Student.swift */; };
		9CB6937A1E27741D002A58B0 /* LoginModular.swift in Sources */ = {isa = PBXBuildFile; fileRef = 9CB693791E27741D002A58B0 /* LoginModular.swift */; };
/* End PBXBuildFile section */

/* Begin PBXFileReference section */
		9CAF68EF1E26305200CF8606 /* WDRouter.app */ = {isa = PBXFileReference; explicitFileType = wrapper.application; includeInIndex = 0; path = WDRouter.app; sourceTree = BUILT_PRODUCTS_DIR; };
		9CAF68F21E26305200CF8606 /* AppDelegate.swift */ = {isa = PBXFileReference; lastKnownFileType = sourcecode.swift; path = AppDelegate.swift; sourceTree = "<group>"; };
		9CAF68F41E26305200CF8606 /* ViewController.swift */ = {isa = PBXFileReference; lastKnownFileType = sourcecode.swift; path = ViewController.swift; sourceTree = "<group>"; };
		9CAF68F71E26305200CF8606 /* Base */ = {isa = PBXFileReference; lastKnownFileType = file.storyboard; name = Base; path = Base.lproj/Main.storyboard; sourceTree = "<group>"; };
		9CAF68F91E26305200CF8606 /* Assets.xcassets */ = {isa = PBXFileReference; lastKnownFileType = folder.assetcatalog; path = Assets.xcassets; sourceTree = "<group>"; };
		9CAF68FC1E26305200CF8606 /* Base */ = {isa = PBXFileReference; lastKnownFileType = file.storyboard; name = Base; path = Base.lproj/LaunchScreen.storyboard; sourceTree = "<group>"; };
		9CAF68FE1E26305200CF8606 /* Info.plist */ = {isa = PBXFileReference; lastKnownFileType = text.plist.xml; path = Info.plist; sourceTree = "<group>"; };
		9CAF69051E2630A900CF8606 /* TabBarViewController.swift */ = {isa = PBXFileReference; fileEncoding = 4; lastKnownFileType = sourcecode.swift; path = TabBarViewController.swift; sourceTree = "<group>"; };
		9CAF69071E2630BC00CF8606 /* FirstViewController.swift */ = {isa = PBXFileReference; fileEncoding = 4; lastKnownFileType = sourcecode.swift; path = FirstViewController.swift; sourceTree = "<group>"; };
		9CAF69091E2630C300CF8606 /* SecondViewController.swift */ = {isa = PBXFileReference; fileEncoding = 4; lastKnownFileType = sourcecode.swift; path = SecondViewController.swift; sourceTree = "<group>"; };
		9CAF690B1E2634BC00CF8606 /* DetailViewController.swift */ = {isa = PBXFileReference; fileEncoding = 4; lastKnownFileType = sourcecode.swift; path = DetailViewController.swift; sourceTree = "<group>"; };
		9CAF690D1E2636D100CF8606 /* WDRouter.swift */ = {isa = PBXFileReference; fileEncoding = 4; lastKnownFileType = sourcecode.swift; path = WDRouter.swift; sourceTree = "<group>"; };
		9CAF690F1E26374800CF8606 /* WDRouterRequest.swift */ = {isa = PBXFileReference; fileEncoding = 4; lastKnownFileType = sourcecode.swift; path = WDRouterRequest.swift; sourceTree = "<group>"; };
		9CAF69111E263C2700CF8606 /* WDRouterClass.swift */ = {isa = PBXFileReference; fileEncoding = 4; lastKnownFileType = sourcecode.swift; path = WDRouterClass.swift; sourceTree = "<group>"; };
		9CAF69131E26427E00CF8606 /* WDRouterExtension.swift */ = {isa = PBXFileReference; fileEncoding = 4; lastKnownFileType = sourcecode.swift; path = WDRouterExtension.swift; sourceTree = "<group>"; };
		9CAF69151E26578800CF8606 /* ThirdViewController.swift */ = {isa = PBXFileReference; fileEncoding = 4; lastKnownFileType = sourcecode.swift; path = ThirdViewController.swift; sourceTree = "<group>"; };
		9CB693771E276D99002A58B0 /* Student.swift */ = {isa = PBXFileReference; fileEncoding = 4; lastKnownFileType = sourcecode.swift; path = Student.swift; sourceTree = "<group>"; };
		9CB693791E27741D002A58B0 /* LoginModular.swift */ = {isa = PBXFileReference; fileEncoding = 4; lastKnownFileType = sourcecode.swift; path = LoginModular.swift; sourceTree = "<group>"; };
/* End PBXFileReference section */

/* Begin PBXFrameworksBuildPhase section */
		9CAF68EC1E26305200CF8606 /* Frameworks */ = {
			isa = PBXFrameworksBuildPhase;
			buildActionMask = 2147483647;
			files = (
			);
			runOnlyForDeploymentPostprocessing = 0;
		};
/* End PBXFrameworksBuildPhase section */

/* Begin PBXGroup section */
		9CAF68E61E26305100CF8606 = {
			isa = PBXGroup;
			children = (
				9CAF68F11E26305200CF8606 /* WDRouter */,
				9CAF68F01E26305200CF8606 /* Products */,
			);
			sourceTree = "<group>";
		};
		9CAF68F01E26305200CF8606 /* Products */ = {
			isa = PBXGroup;
			children = (
				9CAF68EF1E26305200CF8606 /* WDRouter.app */,
			);
			name = Products;
			sourceTree = "<group>";
		};
		9CAF68F11E26305200CF8606 /* WDRouter */ = {
			isa = PBXGroup;
			children = (
				9CAF69041E26308A00CF8606 /* WDRouter */,
				9CAF68F21E26305200CF8606 /* AppDelegate.swift */,
				9CAF68F41E26305200CF8606 /* ViewController.swift */,
				9CAF68F61E26305200CF8606 /* Main.storyboard */,
				9CAF68F91E26305200CF8606 /* Assets.xcassets */,
				9CAF68FB1E26305200CF8606 /* LaunchScreen.storyboard */,
				9CAF68FE1E26305200CF8606 /* Info.plist */,
				9CAF69051E2630A900CF8606 /* TabBarViewController.swift */,
				9CAF69071E2630BC00CF8606 /* FirstViewController.swift */,
				9CAF69091E2630C300CF8606 /* SecondViewController.swift */,
				9CAF69151E26578800CF8606 /* ThirdViewController.swift */,
				9CAF690B1E2634BC00CF8606 /* DetailViewController.swift */,
				9CB693771E276D99002A58B0 /* Student.swift */,
				9CB693791E27741D002A58B0 /* LoginModular.swift */,
			);
			path = WDRouter;
			sourceTree = "<group>";
		};
		9CAF69041E26308A00CF8606 /* WDRouter */ = {
			isa = PBXGroup;
			children = (
				9CAF690D1E2636D100CF8606 /* WDRouter.swift */,
				9CAF690F1E26374800CF8606 /* WDRouterRequest.swift */,
				9CAF69111E263C2700CF8606 /* WDRouterClass.swift */,
				9CAF69131E26427E00CF8606 /* WDRouterExtension.swift */,
			);
			path = WDRouter;
			sourceTree = "<group>";
		};
/* End PBXGroup section */

/* Begin PBXNativeTarget section */
		9CAF68EE1E26305200CF8606 /* WDRouter */ = {
			isa = PBXNativeTarget;
			buildConfigurationList = 9CAF69011E26305200CF8606 /* Build configuration list for PBXNativeTarget "WDRouter" */;
			buildPhases = (
				9CAF68EB1E26305200CF8606 /* Sources */,
				9CAF68EC1E26305200CF8606 /* Frameworks */,
				9CAF68ED1E26305200CF8606 /* Resources */,
			);
			buildRules = (
			);
			dependencies = (
			);
			name = WDRouter;
			productName = WDRouter;
			productReference = 9CAF68EF1E26305200CF8606 /* WDRouter.app */;
			productType = "com.apple.product-type.application";
		};
/* End PBXNativeTarget section */

/* Begin PBXProject section */
		9CAF68E71E26305100CF8606 /* Project object */ = {
			isa = PBXProject;
			attributes = {
				LastSwiftUpdateCheck = 0820;
				LastUpgradeCheck = 0820;
				ORGANIZATIONNAME = WD;
				TargetAttributes = {
					9CAF68EE1E26305200CF8606 = {
						CreatedOnToolsVersion = 8.2;
						DevelopmentTeam = NNX64Q93BU;
						ProvisioningStyle = Automatic;
					};
				};
			};
			buildConfigurationList = 9CAF68EA1E26305100CF8606 /* Build configuration list for PBXProject "WDRouter" */;
			compatibilityVersion = "Xcode 3.2";
			developmentRegion = English;
			hasScannedForEncodings = 0;
			knownRegions = (
				en,
				Base,
			);
			mainGroup = 9CAF68E61E26305100CF8606;
			productRefGroup = 9CAF68F01E26305200CF8606 /* Products */;
			projectDirPath = "";
			projectRoot = "";
			targets = (
				9CAF68EE1E26305200CF8606 /* WDRouter */,
			);
		};
/* End PBXProject section */

/* Begin PBXResourcesBuildPhase section */
		9CAF68ED1E26305200CF8606 /* Resources */ = {
			isa = PBXResourcesBuildPhase;
			buildActionMask = 2147483647;
			files = (
				9CAF68FD1E26305200CF8606 /* LaunchScreen.storyboard in Resources */,
				9CAF68FA1E26305200CF8606 /* Assets.xcassets in Resources */,
				9CAF68F81E26305200CF8606 /* Main.storyboard in Resources */,
			);
			runOnlyForDeploymentPostprocessing = 0;
		};
/* End PBXResourcesBuildPhase section */

/* Begin PBXSourcesBuildPhase section */
		9CAF68EB1E26305200CF8606 /* Sources */ = {
			isa = PBXSourcesBuildPhase;
			buildActionMask = 2147483647;
			files = (
				9CAF68F51E26305200CF8606 /* ViewController.swift in Sources */,
				9CAF69061E2630A900CF8606 /* TabBarViewController.swift in Sources */,
				9CAF690E1E2636D100CF8606 /* WDRouter.swift in Sources */,
				9CAF68F31E26305200CF8606 /* AppDelegate.swift in Sources */,
				9CAF690C1E2634BC00CF8606 /* DetailViewController.swift in Sources */,
				9CAF69141E26427E00CF8606 /* WDRouterExtension.swift in Sources */,
				9CAF69101E26374800CF8606 /* WDRouterRequest.swift in Sources */,
				9CB693781E276D99002A58B0 /* Student.swift in Sources */,
				9CAF69121E263C2700CF8606 /* WDRouterClass.swift in Sources */,
				9CAF69161E26578800CF8606 /* ThirdViewController.swift in Sources */,
				9CB6937A1E27741D002A58B0 /* LoginModular.swift in Sources */,
				9CAF690A1E2630C300CF8606 /* SecondViewController.swift in Sources */,
				9CAF69081E2630BC00CF8606 /* FirstViewController.swift in Sources */,
			);
			runOnlyForDeploymentPostprocessing = 0;
		};
/* End PBXSourcesBuildPhase section */

/* Begin PBXVariantGroup section */
		9CAF68F61E26305200CF8606 /* Main.storyboard */ = {
			isa = PBXVariantGroup;
			children = (
				9CAF68F71E26305200CF8606 /* Base */,
			);
			name = Main.storyboard;
			sourceTree = "<group>";
		};
		9CAF68FB1E26305200CF8606 /* LaunchScreen.storyboard */ = {
			isa = PBXVariantGroup;
			children = (
				9CAF68FC1E26305200CF8606 /* Base */,
			);
			name = LaunchScreen.storyboard;
			sourceTree = "<group>";
		};
/* End PBXVariantGroup section */

/* Begin XCBuildConfiguration section */
		9CAF68FF1E26305200CF8606 /* Debug */ = {
			isa = XCBuildConfiguration;
			buildSettings = {
				ALWAYS_SEARCH_USER_PATHS = NO;
				CLANG_ANALYZER_NONNULL = YES;
				CLANG_CXX_LANGUAGE_STANDARD = "gnu++0x";
				CLANG_CXX_LIBRARY = "libc++";
				CLANG_ENABLE_MODULES = YES;
				CLANG_ENABLE_OBJC_ARC = YES;
				CLANG_WARN_BOOL_CONVERSION = YES;
				CLANG_WARN_CONSTANT_CONVERSION = YES;
				CLANG_WARN_DIRECT_OBJC_ISA_USAGE = YES_ERROR;
				CLANG_WARN_DOCUMENTATION_COMMENTS = YES;
				CLANG_WARN_EMPTY_BODY = YES;
				CLANG_WARN_ENUM_CONVERSION = YES;
				CLANG_WARN_INFINITE_RECURSION = YES;
				CLANG_WARN_INT_CONVERSION = YES;
				CLANG_WARN_OBJC_ROOT_CLASS = YES_ERROR;
				CLANG_WARN_SUSPICIOUS_MOVE = YES;
				CLANG_WARN_UNREACHABLE_CODE = YES;
				CLANG_WARN__DUPLICATE_METHOD_MATCH = YES;
				"CODE_SIGN_IDENTITY[sdk=iphoneos*]" = "iPhone Developer";
				COPY_PHASE_STRIP = NO;
				DEBUG_INFORMATION_FORMAT = dwarf;
				ENABLE_STRICT_OBJC_MSGSEND = YES;
				ENABLE_TESTABILITY = YES;
				GCC_C_LANGUAGE_STANDARD = gnu99;
				GCC_DYNAMIC_NO_PIC = NO;
				GCC_NO_COMMON_BLOCKS = YES;
				GCC_OPTIMIZATION_LEVEL = 0;
				GCC_PREPROCESSOR_DEFINITIONS = (
					"DEBUG=1",
					"$(inherited)",
				);
				GCC_WARN_64_TO_32_BIT_CONVERSION = YES;
				GCC_WARN_ABOUT_RETURN_TYPE = YES_ERROR;
				GCC_WARN_UNDECLARED_SELECTOR = YES;
				GCC_WARN_UNINITIALIZED_AUTOS = YES_AGGRESSIVE;
				GCC_WARN_UNUSED_FUNCTION = YES;
				GCC_WARN_UNUSED_VARIABLE = YES;
				IPHONEOS_DEPLOYMENT_TARGET = 10.2;
				MTL_ENABLE_DEBUG_INFO = YES;
				ONLY_ACTIVE_ARCH = YES;
				SDKROOT = iphoneos;
				SWIFT_ACTIVE_COMPILATION_CONDITIONS = DEBUG;
				SWIFT_OPTIMIZATION_LEVEL = "-Onone";
			};
			name = Debug;
		};
		9CAF69001E26305200CF8606 /* Release */ = {
			isa = XCBuildConfiguration;
			buildSettings = {
				ALWAYS_SEARCH_USER_PATHS = NO;
				CLANG_ANALYZER_NONNULL = YES;
				CLANG_CXX_LANGUAGE_STANDARD = "gnu++0x";
				CLANG_CXX_LIBRARY = "libc++";
				CLANG_ENABLE_MODULES = YES;
				CLANG_ENABLE_OBJC_ARC = YES;
				CLANG_WARN_BOOL_CONVERSION = YES;
				CLANG_WARN_CONSTANT_CONVERSION = YES;
				CLANG_WARN_DIRECT_OBJC_ISA_USAGE = YES_ERROR;
				CLANG_WARN_DOCUMENTATION_COMMENTS = YES;
				CLANG_WARN_EMPTY_BODY = YES;
				CLANG_WARN_ENUM_CONVERSION = YES;
				CLANG_WARN_INFINITE_RECURSION = YES;
				CLANG_WARN_INT_CONVERSION = YES;
				CLANG_WARN_OBJC_ROOT_CLASS = YES_ERROR;
				CLANG_WARN_SUSPICIOUS_MOVE = YES;
				CLANG_WARN_UNREACHABLE_CODE = YES;
				CLANG_WARN__DUPLICATE_METHOD_MATCH = YES;
				"CODE_SIGN_IDENTITY[sdk=iphoneos*]" = "iPhone Developer";
				COPY_PHASE_STRIP = NO;
				DEBUG_INFORMATION_FORMAT = "dwarf-with-dsym";
				ENABLE_NS_ASSERTIONS = NO;
				ENABLE_STRICT_OBJC_MSGSEND = YES;
				GCC_C_LANGUAGE_STANDARD = gnu99;
				GCC_NO_COMMON_BLOCKS = YES;
				GCC_WARN_64_TO_32_BIT_CONVERSION = YES;
				GCC_WARN_ABOUT_RETURN_TYPE = YES_ERROR;
				GCC_WARN_UNDECLARED_SELECTOR = YES;
				GCC_WARN_UNINITIALIZED_AUTOS = YES_AGGRESSIVE;
				GCC_WARN_UNUSED_FUNCTION = YES;
				GCC_WARN_UNUSED_VARIABLE = YES;
				IPHONEOS_DEPLOYMENT_TARGET = 10.2;
				MTL_ENABLE_DEBUG_INFO = NO;
				SDKROOT = iphoneos;
				SWIFT_OPTIMIZATION_LEVEL = "-Owholemodule";
				VALIDATE_PRODUCT = YES;
			};
			name = Release;
		};
		9CAF69021E26305200CF8606 /* Debug */ = {
			isa = XCBuildConfiguration;
			buildSettings = {
				ASSETCATALOG_COMPILER_APPICON_NAME = AppIcon;
				DEVELOPMENT_TEAM = NNX64Q93BU;
				INFOPLIST_FILE = WDRouter/Info.plist;
				LD_RUNPATH_SEARCH_PATHS = "$(inherited) @executable_path/Frameworks";
				PRODUCT_BUNDLE_IDENTIFIER = WD.WDRouter;
				PRODUCT_NAME = "$(TARGET_NAME)";
				SWIFT_VERSION = 3.0;
			};
			name = Debug;
		};
		9CAF69031E26305200CF8606 /* Release */ = {
			isa = XCBuildConfiguration;
			buildSettings = {
				ASSETCATALOG_COMPILER_APPICON_NAME = AppIcon;
				DEVELOPMENT_TEAM = NNX64Q93BU;
				INFOPLIST_FILE = WDRouter/Info.plist;
				LD_RUNPATH_SEARCH_PATHS = "$(inherited) @executable_path/Frameworks";
				PRODUCT_BUNDLE_IDENTIFIER = WD.WDRouter;
				PRODUCT_NAME = "$(TARGET_NAME)";
				SWIFT_VERSION = 3.0;
			};
			name = Release;
		};
/* End XCBuildConfiguration section */

/* Begin XCConfigurationList section */
		9CAF68EA1E26305100CF8606 /* Build configuration list for PBXProject "WDRouter" */ = {
			isa = XCConfigurationList;
			buildConfigurations = (
				9CAF68FF1E26305200CF8606 /* Debug */,
				9CAF69001E26305200CF8606 /* Release */,
			);
			defaultConfigurationIsVisible = 0;
			defaultConfigurationName = Release;
		};
		9CAF69011E26305200CF8606 /* Build configuration list for PBXNativeTarget "WDRouter" */ = {
			isa = XCConfigurationList;
			buildConfigurations = (
				9CAF69021E26305200CF8606 /* Debug */,
				9CAF69031E26305200CF8606 /* Release */,
			);
			defaultConfigurationIsVisible = 0;
			defaultConfigurationName = Release;
		};
/* End XCConfigurationList section */
	};
	rootObject = 9CAF68E71E26305100CF8606 /* Project object */;
}
